# THIS IS AN AUTOGENERATED FILE. DO NOT EDIT THIS FILE DIRECTLY.
# yarn lockfile v1


"@babel/runtime@^7.4.3":
  version "7.5.4"
  resolved "https://registry.npm.taobao.org/@babel/runtime/download/@babel/runtime-7.5.4.tgz?cache=0&sync_timestamp=1562698759253&other_urls=https%3A%2F%2Fregistry.npm.taobao.org%2F%40babel%2Fruntime%2Fdownload%2F%40babel%2Fruntime-7.5.4.tgz#cb7d1ad7c6d65676e66b47186577930465b5271b"
  integrity sha1-y30a18bWVnbma0cYZXeTBGW1Jxs=
  dependencies:
    regenerator-runtime "^0.13.2"

accepts@^1.3.5:
  version "1.3.7"
  resolved "https://registry.npm.taobao.org/accepts/download/accepts-1.3.7.tgz#531bc726517a3b2b41f850021c6cc15eaab507cd"
  integrity sha1-UxvHJlF6OytB+FACHGzBXqq1B80=
  dependencies:
    mime-types "~2.1.24"
    negotiator "0.6.2"

any-promise@^1.1.0:
  version "1.3.0"
  resolved "https://registry.npm.taobao.org/any-promise/download/any-promise-1.3.0.tgz#abc6afeedcea52e809cdc0376aed3ce39635d17f"
  integrity sha1-q8av7tzqUugJzcA3au0845Y10X8=

base64-js@^1.0.2:
  version "1.3.0"
  resolved "https://registry.npm.taobao.org/base64-js/download/base64-js-1.3.0.tgz#cab1e6118f051095e58b5281aea8c1cd22bfc0e3"
  integrity sha1-yrHmEY8FEJXli1KBrqjBzSK/wOM=

buffer@^5.1.0:
  version "5.2.1"
  resolved "https://registry.npm.taobao.org/buffer/download/buffer-5.2.1.tgz#dd57fa0f109ac59c602479044dca7b8b3d0b71d6"
  integrity sha1-3Vf6DxCaxZxgJHkETcp7iz0LcdY=
  dependencies:
    base64-js "^1.0.2"
    ieee754 "^1.1.4"

cache-content-type@^1.0.0:
  version "1.0.1"
  resolved "https://registry.npm.taobao.org/cache-content-type/download/cache-content-type-1.0.1.tgz#035cde2b08ee2129f4a8315ea8f00a00dba1453c"
  integrity sha1-A1zeKwjuISn0qDFeqPAKANuhRTw=
  dependencies:
    mime-types "^2.1.18"
    ylru "^1.2.0"

cluster-key-slot@^1.0.6:
  version "1.0.12"
  resolved "https://registry.npm.taobao.org/cluster-key-slot/download/cluster-key-slot-1.0.12.tgz#d5deff2a520717bc98313979b687309b2d368e29"
  integrity sha1-1d7/KlIHF7yYMTl5tocwmy02jik=

co-redis@^2.1.1:
  version "2.1.1"
  resolved "https://registry.npm.taobao.org/co-redis/download/co-redis-2.1.1.tgz#8bc3717977c9ee5bfb6b28f39ae01bcf724d2dde"
  integrity sha1-i8NxeXfJ7lv7ayjzmuAbz3JNLd4=
  dependencies:
    es6-promisify "^4.1.0"

co-wrap-all@^1.0.0:
  version "1.0.0"
  resolved "https://registry.npm.taobao.org/co-wrap-all/download/co-wrap-all-1.0.0.tgz#370ae3e8333510a53f6b2f7fdfbe4568a11b7ecf"
  integrity sha1-Nwrj6DM1EKU/ay9/375FaKEbfs8=
  dependencies:
    co "^4.0.0"

co@^4.0.0, co@^4.6.0:
  version "4.6.0"
  resolved "https://registry.npm.taobao.org/co/download/co-4.6.0.tgz#6ea6bdf3d853ae54ccb8e47bfa0bf3f9031fb184"
  integrity sha1-bqa989hTrlTMuOR7+gvz+QMfsYQ=

content-disposition@~0.5.2:
  version "0.5.3"
  resolved "https://registry.npm.taobao.org/content-disposition/download/content-disposition-0.5.3.tgz?cache=0&other_urls=https%3A%2F%2Fregistry.npm.taobao.org%2Fcontent-disposition%2Fdownload%2Fcontent-disposition-0.5.3.tgz#e130caf7e7279087c5616c2007d0485698984fbd"
  integrity sha1-4TDK9+cnkIfFYWwgB9BIVpiYT70=
  dependencies:
    safe-buffer "5.1.2"

content-type@^1.0.4:
  version "1.0.4"
  resolved "https://registry.npm.taobao.org/content-type/download/content-type-1.0.4.tgz#e138cc75e040c727b1966fe5e5f8c9aee256fe3b"
  integrity sha1-4TjMdeBAxyexlm/l5fjJruJW/js=

cookies@~0.7.1:
  version "0.7.3"
  resolved "https://registry.npm.taobao.org/cookies/download/cookies-0.7.3.tgz#7912ce21fbf2e8c2da70cf1c3f351aecf59dadfa"
  integrity sha1-eRLOIfvy6MLacM8cPzUa7PWdrfo=
  dependencies:
    depd "~1.1.2"
    keygrip "~1.0.3"

core-util-is@^1.0.2:
  version "1.0.2"
  resolved "https://registry.npm.taobao.org/core-util-is/download/core-util-is-1.0.2.tgz#b5fd54220aa2bc5ab57aab7140c940754503c1a7"
  integrity sha1-tf1UIgqivFq1eqtxQMlAdUUDwac=

crc@^3.4.4:
  version "3.8.0"
  resolved "https://registry.npm.taobao.org/crc/download/crc-3.8.0.tgz#ad60269c2c856f8c299e2c4cc0de4556914056c6"
  integrity sha1-rWAmnCyFb4wpnixMwN5FVpFAVsY=
  dependencies:
    buffer "^5.1.0"

debug@^3.1.0:
  version "3.2.6"
  resolved "https://registry.npm.taobao.org/debug/download/debug-3.2.6.tgz?cache=0&other_urls=https%3A%2F%2Fregistry.npm.taobao.org%2Fdebug%2Fdownload%2Fdebug-3.2.6.tgz#e83d17de16d8a7efb7717edbe5fb10135eee629b"
  integrity sha1-6D0X3hbYp++3cX7b5fsQE17uYps=
  dependencies:
    ms "^2.1.1"

debug@^4.1.1:
  version "4.1.1"
  resolved "https://registry.npm.taobao.org/debug/download/debug-4.1.1.tgz?cache=0&other_urls=https%3A%2F%2Fregistry.npm.taobao.org%2Fdebug%2Fdownload%2Fdebug-4.1.1.tgz#3b72260255109c6b589cee050f1d516139664791"
  integrity sha1-O3ImAlUQnGtYnO4FDx1RYTlmR5E=
  dependencies:
    ms "^2.1.1"

debug@~3.1.0:
  version "3.1.0"
  resolved "https://registry.npm.taobao.org/debug/download/debug-3.1.0.tgz?cache=0&other_urls=https%3A%2F%2Fregistry.npm.taobao.org%2Fdebug%2Fdownload%2Fdebug-3.1.0.tgz#5bb5a0672628b64149566ba16819e61518c67261"
  integrity sha1-W7WgZyYotkFJVmuhaBnmFRjGcmE=
  dependencies:
    ms "2.0.0"

deep-equal@~1.0.1:
  version "1.0.1"
  resolved "https://registry.npm.taobao.org/deep-equal/download/deep-equal-1.0.1.tgz#f5d260292b660e084eff4cdbc9f08ad3247448b5"
  integrity sha1-9dJgKStmDghO/0zbyfCK0yR0SLU=

delegates@^1.0.0:
  version "1.0.0"
  resolved "https://registry.npm.taobao.org/delegates/download/delegates-1.0.0.tgz?cache=0&other_urls=https%3A%2F%2Fregistry.npm.taobao.org%2Fdelegates%2Fdownload%2Fdelegates-1.0.0.tgz#84c6e159b81904fdca59a0ef44cd870d31250f9a"
  integrity sha1-hMbhWbgZBP3KWaDvRM2HDTElD5o=

denque@^1.1.0:
  version "1.4.1"
  resolved "https://registry.npm.taobao.org/denque/download/denque-1.4.1.tgz#6744ff7641c148c3f8a69c307e51235c1f4a37cf"
  integrity sha1-Z0T/dkHBSMP4ppwwflEjXB9KN88=

depd@^1.1.2, depd@~1.1.2:
  version "1.1.2"
  resolved "https://registry.npm.taobao.org/depd/download/depd-1.1.2.tgz#9bcd52e14c097763e749b274c4346ed2e560b5a9"
  integrity sha1-m81S4UwJd2PnSbJ0xDRu0uVgtak=

destroy@^1.0.4:
  version "1.0.4"
  resolved "https://registry.npm.taobao.org/destroy/download/destroy-1.0.4.tgz#978857442c44749e4206613e37946205826abd80"
  integrity sha1-l4hXRCxEdJ5CBmE+N5RiBYJqvYA=

double-ended-queue@^2.1.0-0:
  version "2.1.0-0"
  resolved "https://registry.npm.taobao.org/double-ended-queue/download/double-ended-queue-2.1.0-0.tgz#103d3527fd31528f40188130c841efdd78264e5c"
  integrity sha1-ED01J/0xUo9AGIEwyEHv3XgmTlw=

ee-first@1.1.1:
  version "1.1.1"
  resolved "https://registry.npm.taobao.org/ee-first/download/ee-first-1.1.1.tgz#590c61156b0ae2f4f0255732a158b266bc56b21d"
  integrity sha1-WQxhFWsK4vTwJVcyoViyZrxWsh0=

error-inject@^1.0.0:
  version "1.0.0"
  resolved "https://registry.npm.taobao.org/error-inject/download/error-inject-1.0.0.tgz#e2b3d91b54aed672f309d950d154850fa11d4f37"
  integrity sha1-4rPZG1Su1nLzCdlQ0VSFD6EdTzc=

es6-promise@^3.2.1:
  version "3.3.1"
  resolved "https://registry.npm.taobao.org/es6-promise/download/es6-promise-3.3.1.tgz?cache=0&other_urls=https%3A%2F%2Fregistry.npm.taobao.org%2Fes6-promise%2Fdownload%2Fes6-promise-3.3.1.tgz#a08cdde84ccdbf34d027a1451bc91d4bcd28a613"
  integrity sha1-oIzd6EzNvzTQJ6FFG8kdS80ophM=

es6-promisify@^4.1.0:
  version "4.1.0"
  resolved "https://registry.npm.taobao.org/es6-promisify/download/es6-promisify-4.1.0.tgz#dbcc1a3e93fdb8e9e709744182b7d2080c03fdb3"
  integrity sha1-28waPpP9uOnnCXRBgrfSCAwD/bM=
  dependencies:
    es6-promise "^3.2.1"

escape-html@^1.0.3:
  version "1.0.3"
  resolved "https://registry.npm.taobao.org/escape-html/download/escape-html-1.0.3.tgz#0258eae4d3d0c0974de1c169188ef0051d1d1988"
  integrity sha1-Aljq5NPQwJdN4cFpGI7wBR0dGYg=

fresh@~0.5.2:
  version "0.5.2"
  resolved "https://registry.npm.taobao.org/fresh/download/fresh-0.5.2.tgz#3d8cadd90d976569fa835ab1f8e4b23a105605a7"
  integrity sha1-PYyt2Q2XZWn6g1qx+OSyOhBWBac=

http-assert@^1.3.0:
  version "1.4.1"
  resolved "https://registry.npm.taobao.org/http-assert/download/http-assert-1.4.1.tgz#c5f725d677aa7e873ef736199b89686cceb37878"
  integrity sha1-xfcl1neqfoc+9zYZm4lobM6zeHg=
  dependencies:
    deep-equal "~1.0.1"
    http-errors "~1.7.2"

http-errors@^1.6.3, http-errors@~1.7.2:
  version "1.7.3"
  resolved "https://registry.npm.taobao.org/http-errors/download/http-errors-1.7.3.tgz?cache=0&sync_timestamp=1561418493658&other_urls=https%3A%2F%2Fregistry.npm.taobao.org%2Fhttp-errors%2Fdownload%2Fhttp-errors-1.7.3.tgz#6c619e4f9c60308c38519498c14fbb10aacebb06"
  integrity sha1-bGGeT5xgMIw4UZSYwU+7EKrOuwY=
  dependencies:
    depd "~1.1.2"
    inherits "2.0.4"
    setprototypeof "1.1.1"
    statuses ">= 1.5.0 < 2"
    toidentifier "1.0.0"

ieee754@^1.1.4:
  version "1.1.13"
  resolved "https://registry.npm.taobao.org/ieee754/download/ieee754-1.1.13.tgz#ec168558e95aa181fd87d37f55c32bbcb6708b84"
  integrity sha1-7BaFWOlaoYH9h9N/VcMrvLZwi4Q=

inherits@2.0.4:
  version "2.0.4"
  resolved "https://registry.npm.taobao.org/inherits/download/inherits-2.0.4.tgz?cache=0&sync_timestamp=1560975547815&other_urls=https%3A%2F%2Fregistry.npm.taobao.org%2Finherits%2Fdownload%2Finherits-2.0.4.tgz#0fa2c64f932917c3433a0ded55363aae37416b7c"
  integrity sha1-D6LGT5MpF8NDOg3tVTY6rjdBa3w=

ioredis@^4.9.0:
  version "4.11.2"
  resolved "https://registry.npm.taobao.org/ioredis/download/ioredis-4.11.2.tgz?cache=0&other_urls=https%3A%2F%2Fregistry.npm.taobao.org%2Fioredis%2Fdownload%2Fioredis-4.11.2.tgz#b76c1a8290f581ce30af3fd00f27d38a301472c6"
  integrity sha1-t2wagpD1gc4wrz/QDyfTijAUcsY=
  dependencies:
    cluster-key-slot "^1.0.6"
    debug "^4.1.1"
    denque "^1.1.0"
    lodash.defaults "^4.2.0"
    lodash.flatten "^4.4.0"
    redis-commands "1.5.0"
    redis-errors "^1.2.0"
    redis-parser "^3.0.0"
    standard-as-callback "^2.0.1"

is-class-hotfix@~0.0.6:
  version "0.0.6"
  resolved "https://registry.npm.taobao.org/is-class-hotfix/download/is-class-hotfix-0.0.6.tgz#a527d31fb23279281dde5f385c77b5de70a72435"
  integrity sha1-pSfTH7IyeSgd3l84XHe13nCnJDU=

is-generator-function@^1.0.7:
  version "1.0.7"
  resolved "https://registry.npm.taobao.org/is-generator-function/download/is-generator-function-1.0.7.tgz?cache=0&other_urls=https%3A%2F%2Fregistry.npm.taobao.org%2Fis-generator-function%2Fdownload%2Fis-generator-function-1.0.7.tgz#d2132e529bb0000a7f80794d4bdf5cd5e5813522"
  integrity sha1-0hMuUpuwAAp/gHlNS99c1eWBNSI=

is-type-of@^1.0.0:
  version "1.2.1"
  resolved "https://registry.npm.taobao.org/is-type-of/download/is-type-of-1.2.1.tgz#e263ec3857aceb4f28c47130ec78db09a920f8c5"
  integrity sha1-4mPsOFes608oxHEw7HjbCakg+MU=
  dependencies:
    core-util-is "^1.0.2"
    is-class-hotfix "~0.0.6"
    isstream "~0.1.2"

isstream@~0.1.2:
  version "0.1.2"
  resolved "https://registry.npm.taobao.org/isstream/download/isstream-0.1.2.tgz#47e63f7af55afa6f92e1500e690eb8b8529c099a"
  integrity sha1-R+Y/evVa+m+S4VAOaQ64uFKcCZo=

keygrip@~1.0.3:
  version "1.0.3"
  resolved "https://registry.npm.taobao.org/keygrip/download/keygrip-1.0.3.tgz#399d709f0aed2bab0a059e0cdd3a5023a053e1dc"
  integrity sha1-OZ1wnwrtK6sKBZ4M3TpQI6BT4dw=

koa-compose@^3.0.0:
  version "3.2.1"
  resolved "https://registry.npm.taobao.org/koa-compose/download/koa-compose-3.2.1.tgz#a85ccb40b7d986d8e5a345b3a1ace8eabcf54de7"
  integrity sha1-qFzLQLfZhtjlo0Wzoazo6rz1Tec=
  dependencies:
    any-promise "^1.1.0"

koa-compose@^4.1.0:
  version "4.1.0"
  resolved "https://registry.npm.taobao.org/koa-compose/download/koa-compose-4.1.0.tgz#507306b9371901db41121c812e923d0d67d3e877"
  integrity sha1-UHMGuTcZAdtBEhyBLpI9DWfT6Hc=

koa-convert@^1.2.0:
  version "1.2.0"
  resolved "https://registry.npm.taobao.org/koa-convert/download/koa-convert-1.2.0.tgz?cache=0&other_urls=https%3A%2F%2Fregistry.npm.taobao.org%2Fkoa-convert%2Fdownload%2Fkoa-convert-1.2.0.tgz#da40875df49de0539098d1700b50820cebcd21d0"
  integrity sha1-2kCHXfSd4FOQmNFwC1CCDOvNIdA=
  dependencies:
    co "^4.6.0"
    koa-compose "^3.0.0"

koa-is-json@^1.0.0:
  version "1.0.0"
  resolved "https://registry.npm.taobao.org/koa-is-json/download/koa-is-json-1.0.0.tgz#273c07edcdcb8df6a2c1ab7d59ee76491451ec14"
  integrity sha1-JzwH7c3Ljfaiwat9We52SRRR7BQ=

koa-redis@^4.0.0:
  version "4.0.0"
  resolved "https://registry.npm.taobao.org/koa-redis/download/koa-redis-4.0.0.tgz#565dc700190432989fb2096ca4341240a84698dd"
  integrity sha1-Vl3HABkEMpifsglspDQSQKhGmN0=
  dependencies:
    "@babel/runtime" "^7.4.3"
    co-wrap-all "^1.0.0"
    debug "^4.1.1"
    ioredis "^4.9.0"

koa-session@^5.12.2:
  version "5.12.2"
  resolved "https://registry.npm.taobao.org/koa-session/download/koa-session-5.12.2.tgz?cache=0&other_urls=https%3A%2F%2Fregistry.npm.taobao.org%2Fkoa-session%2Fdownload%2Fkoa-session-5.12.2.tgz#a9549361751e84b137e778bb93df5eeb51478c1f"
  integrity sha1-qVSTYXUehLE353i7k99e61FHjB8=
  dependencies:
    crc "^3.4.4"
    debug "^3.1.0"
    is-type-of "^1.0.0"
    uuid "^3.3.2"

koa@^2.7.0:
  version "2.7.0"
  resolved "https://registry.npm.taobao.org/koa/download/koa-2.7.0.tgz?cache=0&other_urls=https%3A%2F%2Fregistry.npm.taobao.org%2Fkoa%2Fdownload%2Fkoa-2.7.0.tgz#7e00843506942b9d82c6cc33749f657c6e5e7adf"
  integrity sha1-fgCENQaUK52CxswzdJ9lfG5eet8=
  dependencies:
    accepts "^1.3.5"
    cache-content-type "^1.0.0"
    content-disposition "~0.5.2"
    content-type "^1.0.4"
    cookies "~0.7.1"
    debug "~3.1.0"
    delegates "^1.0.0"
    depd "^1.1.2"
    destroy "^1.0.4"
    error-inject "^1.0.0"
    escape-html "^1.0.3"
    fresh "~0.5.2"
    http-assert "^1.3.0"
    http-errors "^1.6.3"
    is-generator-function "^1.0.7"
    koa-compose "^4.1.0"
    koa-convert "^1.2.0"
    koa-is-json "^1.0.0"
    on-finished "^2.3.0"
    only "~0.0.2"
    parseurl "^1.3.2"
    statuses "^1.5.0"
    type-is "^1.6.16"
    vary "^1.1.2"

lodash.defaults@^4.2.0:
  version "4.2.0"
  resolved "https://registry.npm.taobao.org/lodash.defaults/download/lodash.defaults-4.2.0.tgz#d09178716ffea4dde9e5fb7b37f6f0802274580c"
  integrity sha1-0JF4cW/+pN3p5ft7N/bwgCJ0WAw=

lodash.flatten@^4.4.0:
  version "4.4.0"
  resolved "https://registry.npm.taobao.org/lodash.flatten/download/lodash.flatten-4.4.0.tgz#f31c22225a9632d2bbf8e4addbef240aa765a61f"
  integrity sha1-8xwiIlqWMtK7+OSt2+8kCqdlph8=

media-typer@0.3.0:
  version "0.3.0"
  resolved "https://registry.npm.taobao.org/media-typer/download/media-typer-0.3.0.tgz#8710d7af0aa626f8fffa1ce00168545263255748"
  integrity sha1-hxDXrwqmJvj/+hzgAWhUUmMlV0g=

mime-db@1.40.0:
  version "1.40.0"
  resolved "https://registry.npm.taobao.org/mime-db/download/mime-db-1.40.0.tgz#a65057e998db090f732a68f6c276d387d4126c32"
  integrity sha1-plBX6ZjbCQ9zKmj2wnbTh9QSbDI=

mime-types@^2.1.18, mime-types@~2.1.24:
  version "2.1.24"
  resolved "https://registry.npm.taobao.org/mime-types/download/mime-types-2.1.24.tgz?cache=0&other_urls=https%3A%2F%2Fregistry.npm.taobao.org%2Fmime-types%2Fdownload%2Fmime-types-2.1.24.tgz#b6f8d0b3e951efb77dedeca194cff6d16f676f81"
  integrity sha1-tvjQs+lR77d97eyhlM/20W9nb4E=
  dependencies:
    mime-db "1.40.0"

ms@2.0.0:
  version "2.0.0"
  resolved "https://registry.npm.taobao.org/ms/download/ms-2.0.0.tgz?cache=0&other_urls=https%3A%2F%2Fregistry.npm.taobao.org%2Fms%2Fdownload%2Fms-2.0.0.tgz#5608aeadfc00be6c2901df5f9861788de0d597c8"
  integrity sha1-VgiurfwAvmwpAd9fmGF4jeDVl8g=

ms@^2.1.1:
  version "2.1.2"
  resolved "https://registry.npm.taobao.org/ms/download/ms-2.1.2.tgz?cache=0&other_urls=https%3A%2F%2Fregistry.npm.taobao.org%2Fms%2Fdownload%2Fms-2.1.2.tgz#d09d1f357b443f493382a8eb3ccd183872ae6009"
  integrity sha1-0J0fNXtEP0kzgqjrPM0YOHKuYAk=

negotiator@0.6.2:
  version "0.6.2"
  resolved "https://registry.npm.taobao.org/negotiator/download/negotiator-0.6.2.tgz#feacf7ccf525a77ae9634436a64883ffeca346fb"
  integrity sha1-/qz3zPUlp3rpY0Q2pkiD/+yjRvs=

on-finished@^2.3.0:
  version "2.3.0"
  resolved "https://registry.npm.taobao.org/on-finished/download/on-finished-2.3.0.tgz#20f1336481b083cd75337992a16971aa2d906947"
  integrity sha1-IPEzZIGwg811M3mSoWlxqi2QaUc=
  dependencies:
    ee-first "1.1.1"

only@~0.0.2:
  version "0.0.2"
  resolved "https://registry.npm.taobao.org/only/download/only-0.0.2.tgz#2afde84d03e50b9a8edc444e30610a70295edfb4"
  integrity sha1-Kv3oTQPlC5qO3EROMGEKcCle37Q=

parseurl@^1.3.2:
  version "1.3.3"
  resolved "https://registry.npm.taobao.org/parseurl/download/parseurl-1.3.3.tgz#9da19e7bee8d12dff0513ed5b76957793bc2e8d4"
  integrity sha1-naGee+6NEt/wUT7Vt2lXeTvC6NQ=

redis-commands@1.5.0, redis-commands@^1.2.0:
  version "1.5.0"
  resolved "https://registry.npm.taobao.org/redis-commands/download/redis-commands-1.5.0.tgz#80d2e20698fe688f227127ff9e5164a7dd17e785"
  integrity sha1-gNLiBpj+aI8icSf/nlFkp90X54U=

redis-errors@^1.0.0, redis-errors@^1.2.0:
  version "1.2.0"
  resolved "https://registry.npm.taobao.org/redis-errors/download/redis-errors-1.2.0.tgz#eb62d2adb15e4eaf4610c04afe1529384250abad"
  integrity sha1-62LSrbFeTq9GEMBK/hUpOEJQq60=

redis-parser@^2.6.0:
  version "2.6.0"
  resolved "https://registry.npm.taobao.org/redis-parser/download/redis-parser-2.6.0.tgz#52ed09dacac108f1a631c07e9b69941e7a19504b"
  integrity sha1-Uu0J2srBCPGmMcB+m2mUHnoZUEs=

redis-parser@^3.0.0:
  version "3.0.0"
  resolved "https://registry.npm.taobao.org/redis-parser/download/redis-parser-3.0.0.tgz#b66d828cdcafe6b4b8a428a7def4c6bcac31c8b4"
  integrity sha1-tm2CjNyv5rS4pCin3vTGvKwxyLQ=
  dependencies:
    redis-errors "^1.0.0"

redis@^2.8.0:
  version "2.8.0"
  resolved "https://registry.npm.taobao.org/redis/download/redis-2.8.0.tgz#202288e3f58c49f6079d97af7a10e1303ae14b02"
  integrity sha1-ICKI4/WMSfYHnZevehDhMDrhSwI=
  dependencies:
    double-ended-queue "^2.1.0-0"
    redis-commands "^1.2.0"
    redis-parser "^2.6.0"

regenerator-runtime@^0.13.2:
  version "0.13.2"
  resolved "https://registry.npm.taobao.org/regenerator-runtime/download/regenerator-runtime-0.13.2.tgz?cache=0&other_urls=https%3A%2F%2Fregistry.npm.taobao.org%2Fregenerator-runtime%2Fdownload%2Fregenerator-runtime-0.13.2.tgz#32e59c9a6fb9b1a4aff09b4930ca2d4477343447"
  integrity sha1-MuWcmm+5saSv8JtJMMotRHc0NEc=

safe-buffer@5.1.2:
  version "5.1.2"
  resolved "https://registry.npm.taobao.org/safe-buffer/download/safe-buffer-5.1.2.tgz#991ec69d296e0313747d59bdfd2b745c35f8828d"
  integrity sha1-mR7GnSluAxN0fVm9/St0XDX4go0=

setprototypeof@1.1.1:
  version "1.1.1"
  resolved "https://registry.npm.taobao.org/setprototypeof/download/setprototypeof-1.1.1.tgz#7e95acb24aa92f5885e0abef5ba131330d4ae683"
  integrity sha1-fpWsskqpL1iF4KvvW6ExMw1K5oM=

standard-as-callback@^2.0.1:
  version "2.0.1"
  resolved "https://registry.npm.taobao.org/standard-as-callback/download/standard-as-callback-2.0.1.tgz#ed8bb25648e15831759b6023bdb87e6b60b38126"
  integrity sha1-7YuyVkjhWDF1m2Ajvbh+a2CzgSY=

"statuses@>= 1.5.0 < 2", statuses@^1.5.0:
  version "1.5.0"
  resolved "https://registry.npm.taobao.org/statuses/download/statuses-1.5.0.tgz#161c7dac177659fd9811f43771fa99381478628c"
  integrity sha1-Fhx9rBd2Wf2YEfQ3cfqZOBR4Yow=

toidentifier@1.0.0:
  version "1.0.0"
  resolved "https://registry.npm.taobao.org/toidentifier/download/toidentifier-1.0.0.tgz#7e1be3470f1e77948bc43d94a3c8f4d7752ba553"
  integrity sha1-fhvjRw8ed5SLxD2Uo8j013UrpVM=

type-is@^1.6.16:
  version "1.6.18"
  resolved "https://registry.npm.taobao.org/type-is/download/type-is-1.6.18.tgz#4e552cd05df09467dcbc4ef739de89f2cf37c131"
  integrity sha1-TlUs0F3wlGfcvE73Od6J8s83wTE=
  dependencies:
    media-typer "0.3.0"
    mime-types "~2.1.24"

uuid@^3.3.2:
  version "3.3.2"
  resolved "https://registry.npm.taobao.org/uuid/download/uuid-3.3.2.tgz#1b4af4955eb3077c501c23872fc6513811587131"
  integrity sha1-G0r0lV6zB3xQHCOHL8ZROBFYcTE=

vary@^1.1.2:
  version "1.1.2"
  resolved "https://registry.npm.taobao.org/vary/download/vary-1.1.2.tgz#2299f02c6ded30d4a5961b0b9f74524a18f634fc"
  integrity sha1-IpnwLG3tMNSllhsLn3RSShj2NPw=

ylru@^1.2.0:
  version "1.2.1"
  resolved "https://registry.npm.taobao.org/ylru/download/ylru-1.2.1.tgz#f576b63341547989c1de7ba288760923b27fe84f"
  integrity sha1-9Xa2M0FUeYnB3nuiiHYJI7J/6E8=
